lockfile_version: '1'
generated_at: '2026-09-05T06:18:39.762703+00:00'
apm_version: 0.29.0
dependencies:
- repo_url: j178/prek
  name: prek
  host: github.com
  resolved_commit: 9754f65d2452a7fa00f8e511158d1f7616dc55a3
  version: 0.0.0
  package_type: skill_bundle
  deployed_files:
  - .agents/skills/prek
  - .agents/skills/prek/SKILL.md
  - .claude/skills/prek
  - .claude/skills/prek/SKILL.md
  deployed_file_hashes:
    .agents/skills/prek/SKILL.md: sha256:9a92fcc54550264fe654a10617299b59c30a0f0cc33e7aac30fe2cae47641f82
    .claude/skills/prek/SKILL.md: sha256:9a92fcc54550264fe654a10617299b59c30a0f0cc33e7aac30fe2cae47641f82
  content_hash: sha256:bb05e77a62aa9bd2df945c02b85104cda59c6df5473c02d322021b7b55e56df9
deployments:
- kind: project-relative
  target: agent-skills
  value: .agents/skills/prek
  runtime: null
  scope: project
  owners:
  - j178/prek
  active_owner: j178/prek
  content_hash: null
- kind: project-relative
  target: agent-skills
  value: .agents/skills/prek/SKILL.md
  runtime: null
  scope: project
  owners:
  - j178/prek
  active_owner: j178/prek
  content_hash: sha256:9a92fcc54550264fe654a10617299b59c30a0f0cc33e7aac30fe2cae47641f82
- kind: project-relative
  target: claude
  value: .claude/skills/prek
  runtime: null
  scope: project
  owners:
  - j178/prek
  active_owner: j178/prek
  content_hash: null
- kind: project-relative
  target: claude
  value: .claude/skills/prek/SKILL.md
  runtime: null
  scope: project
  owners:
  - j178/prek
  active_owner: j178/prek
  content_hash: sha256:9a92fcc54550264fe654a10617299b59c30a0f0cc33e7aac30fe2cae47641f82
